
Microsoft Visual Studio Solution File, Format Version 12.00
# Visual Studio Version 17
VisualStudioVersion = 17.2.32616.157
MinimumVisualStudioVersion = 10.0.40219.1
Project("{FAE04EC0-301F-11D3-BF4B-00C04F79EFBC}") = "MVC.Day26.Exer", "MVC.Day26.Exer\MVC.Day26.Exer.csproj", "{B00E7DF6-57A3-482D-B5D2-8B47764CDDB0}"
EndProject
Global
	GlobalSection(SolutionConfigurationPlatforms) = preSolution
		Debug|Any CPU = Debug|Any CPU
		Release|Any CPU = Release|Any CPU
	EndGlobalSection
	GlobalSection(ProjectConfigurationPlatforms) = postSolution
		{B00E7DF6-57A3-482D-B5D2-8B47764CDDB0}.Debug|Any CPU.ActiveCfg = Debug|Any CPU
		{B00E7DF6-57A3-482D-B5D2-8B47764CDDB0}.Debug|Any CPU.Build.0 = Debug|Any CPU
		{B00E7DF6-57A3-482D-B5D2-8B47764CDDB0}.Release|Any CPU.ActiveCfg = Release|Any CPU
		{B00E7DF6-57A3-482D-B5D2-8B47764CDDB0}.Release|Any CPU.Build.0 = Release|Any CPU
	EndGlobalSection
	GlobalSection(SolutionProperties) = preSolution
		HideSolutionNode = FALSE
	EndGlobalSection
	GlobalSection(ExtensibilityGlobals) = postSolution
		SolutionGuid = {E5530983-31B3-4B72-80C5-C47EE98E7F4D}
	EndGlobalSection
EndGlobal
